
Microsoft Visual Studio Solution File, Format Version 12.00
# Visual Studio 2015
Project("{FAE04EC0-301F-11D3-BF4B-00C04F79EFBC}") = "asteroids.CSharp", "asteroids.CSharp.csproj", "{FDACEB31-CABA-BF47-A073-DCC49E06137A}"
EndProject
Global
	GlobalSection(SolutionConfigurationPlatforms) = preSolution
		Debug|Any CPU = Debug|Any CPU
		Release|Any CPU = Release|Any CPU
	EndGlobalSection
	GlobalSection(ProjectConfigurationPlatforms) = postSolution
		{FDACEB31-CABA-BF47-A073-DCC49E06137A}.Debug|Any CPU.ActiveCfg = Debug|Any CPU
		{FDACEB31-CABA-BF47-A073-DCC49E06137A}.Debug|Any CPU.Build.0 = Debug|Any CPU
		{FDACEB31-CABA-BF47-A073-DCC49E06137A}.Release|Any CPU.ActiveCfg = Release|Any CPU
		{FDACEB31-CABA-BF47-A073-DCC49E06137A}.Release|Any CPU.Build.0 = Release|Any CPU
	EndGlobalSection
	GlobalSection(SolutionProperties) = preSolution
		HideSolutionNode = FALSE
	EndGlobalSection
EndGlobal
